
Microsoft Visual Studio Solution File, Format Version 12.00
# Visual Studio Version 17
VisualStudioVersion = 17.3.32825.248
MinimumVisualStudioVersion = 10.0.40219.1
Project("{FAE04EC0-301F-11D3-BF4B-00C04F79EFBC}") = "CShw6-Task1", "CShw6-Task1\CShw6-Task1.csproj", "{672B66A1-D161-4605-93BB-28FC2139E793}"
EndProject
Global
	GlobalSection(SolutionConfigurationPlatforms) = preSolution
		Debug|Any CPU = Debug|Any CPU
		Release|Any CPU = Release|Any CPU
	EndGlobalSection
	GlobalSection(ProjectConfigurationPlatforms) = postSolution
		{672B66A1-D161-4605-93BB-28FC2139E793}.Debug|Any CPU.ActiveCfg = Debug|Any CPU
		{672B66A1-D161-4605-93BB-28FC2139E793}.Debug|Any CPU.Build.0 = Debug|Any CPU
		{672B66A1-D161-4605-93BB-28FC2139E793}.Release|Any CPU.ActiveCfg = Release|Any CPU
		{672B66A1-D161-4605-93BB-28FC2139E793}.Release|Any CPU.Build.0 = Release|Any CPU
	EndGlobalSection
	GlobalSection(SolutionProperties) = preSolution
		HideSolutionNode = FALSE
	EndGlobalSection
	GlobalSection(ExtensibilityGlobals) = postSolution
		SolutionGuid = {25E136CB-6A5D-4701-9107-E0C4C36F0BC3}
	EndGlobalSection
EndGlobal
