
Microsoft Visual Studio Solution File, Format Version 12.00
# Visual Studio Version 17
VisualStudioVersion = 17.3.32825.248
MinimumVisualStudioVersion = 10.0.40219.1
Project("{FAE04EC0-301F-11D3-BF4B-00C04F79EFBC}") = "CShw12-Task1", "CShw12-Task1\CShw12-Task1.csproj", "{86000B70-A5EA-4E4B-8046-7E8840A1E57D}"
EndProject
Global
	GlobalSection(SolutionConfigurationPlatforms) = preSolution
		Debug|Any CPU = Debug|Any CPU
		Release|Any CPU = Release|Any CPU
	EndGlobalSection
	GlobalSection(ProjectConfigurationPlatforms) = postSolution
		{86000B70-A5EA-4E4B-8046-7E8840A1E57D}.Debug|Any CPU.ActiveCfg = Debug|Any CPU
		{86000B70-A5EA-4E4B-8046-7E8840A1E57D}.Debug|Any CPU.Build.0 = Debug|Any CPU
		{86000B70-A5EA-4E4B-8046-7E8840A1E57D}.Release|Any CPU.ActiveCfg = Release|Any CPU
		{86000B70-A5EA-4E4B-8046-7E8840A1E57D}.Release|Any CPU.Build.0 = Release|Any CPU
	EndGlobalSection
	GlobalSection(SolutionProperties) = preSolution
		HideSolutionNode = FALSE
	EndGlobalSection
	GlobalSection(ExtensibilityGlobals) = postSolution
		SolutionGuid = {9861888E-8F89-488F-9368-976BBC3F3E0E}
	EndGlobalSection
EndGlobal
