
Microsoft Visual Studio Solution File, Format Version 12.00
# Visual Studio Version 17
VisualStudioVersion = 17.3.32825.248
MinimumVisualStudioVersion = 10.0.40219.1
Project("{FAE04EC0-301F-11D3-BF4B-00C04F79EFBC}") = "CShw10-Task1", "CShw10-Task1\CShw10-Task1.csproj", "{F8703C63-44C2-4663-88AC-EE27D57FF3F6}"
EndProject
Global
	GlobalSection(SolutionConfigurationPlatforms) = preSolution
		Debug|Any CPU = Debug|Any CPU
		Release|Any CPU = Release|Any CPU
	EndGlobalSection
	GlobalSection(ProjectConfigurationPlatforms) = postSolution
		{F8703C63-44C2-4663-88AC-EE27D57FF3F6}.Debug|Any CPU.ActiveCfg = Debug|Any CPU
		{F8703C63-44C2-4663-88AC-EE27D57FF3F6}.Debug|Any CPU.Build.0 = Debug|Any CPU
		{F8703C63-44C2-4663-88AC-EE27D57FF3F6}.Release|Any CPU.ActiveCfg = Release|Any CPU
		{F8703C63-44C2-4663-88AC-EE27D57FF3F6}.Release|Any CPU.Build.0 = Release|Any CPU
	EndGlobalSection
	GlobalSection(SolutionProperties) = preSolution
		HideSolutionNode = FALSE
	EndGlobalSection
	GlobalSection(ExtensibilityGlobals) = postSolution
		SolutionGuid = {2E67F1F3-3250-4941-B4F9-7DC9B5A1F820}
	EndGlobalSection
EndGlobal
