
Microsoft Visual Studio Solution File, Format Version 12.00
# Visual Studio Version 17
VisualStudioVersion = 17.3.32825.248
MinimumVisualStudioVersion = 10.0.40219.1
Project("{FAE04EC0-301F-11D3-BF4B-00C04F79EFBC}") = "CShw9-Task5", "CShw9-Task5\CShw9-Task5.csproj", "{404266EA-544C-4C56-A5CB-3895EAB3F14C}"
EndProject
Global
	GlobalSection(SolutionConfigurationPlatforms) = preSolution
		Debug|Any CPU = Debug|Any CPU
		Release|Any CPU = Release|Any CPU
	EndGlobalSection
	GlobalSection(ProjectConfigurationPlatforms) = postSolution
		{404266EA-544C-4C56-A5CB-3895EAB3F14C}.Debug|Any CPU.ActiveCfg = Debug|Any CPU
		{404266EA-544C-4C56-A5CB-3895EAB3F14C}.Debug|Any CPU.Build.0 = Debug|Any CPU
		{404266EA-544C-4C56-A5CB-3895EAB3F14C}.Release|Any CPU.ActiveCfg = Release|Any CPU
		{404266EA-544C-4C56-A5CB-3895EAB3F14C}.Release|Any CPU.Build.0 = Release|Any CPU
	EndGlobalSection
	GlobalSection(SolutionProperties) = preSolution
		HideSolutionNode = FALSE
	EndGlobalSection
	GlobalSection(ExtensibilityGlobals) = postSolution
		SolutionGuid = {CD426094-21C1-4A28-BA35-CB539E640CC6}
	EndGlobalSection
EndGlobal
