
Microsoft Visual Studio Solution File, Format Version 12.00
# Visual Studio Version 17
VisualStudioVersion = 17.3.32825.248
MinimumVisualStudioVersion = 10.0.40219.1
Project("{FAE04EC0-301F-11D3-BF4B-00C04F79EFBC}") = "CShw1", "CShw1\CShw1.csproj", "{03A41651-879E-4808-BAD6-5395612B287A}"
EndProject
Global
	GlobalSection(SolutionConfigurationPlatforms) = preSolution
		Debug|Any CPU = Debug|Any CPU
		Release|Any CPU = Release|Any CPU
	EndGlobalSection
	GlobalSection(ProjectConfigurationPlatforms) = postSolution
		{03A41651-879E-4808-BAD6-5395612B287A}.Debug|Any CPU.ActiveCfg = Debug|Any CPU
		{03A41651-879E-4808-BAD6-5395612B287A}.Debug|Any CPU.Build.0 = Debug|Any CPU
		{03A41651-879E-4808-BAD6-5395612B287A}.Release|Any CPU.ActiveCfg = Release|Any CPU
		{03A41651-879E-4808-BAD6-5395612B287A}.Release|Any CPU.Build.0 = Release|Any CPU
	EndGlobalSection
	GlobalSection(SolutionProperties) = preSolution
		HideSolutionNode = FALSE
	EndGlobalSection
	GlobalSection(ExtensibilityGlobals) = postSolution
		SolutionGuid = {304F4250-9F04-4730-9A97-84E9515119BB}
	EndGlobalSection
EndGlobal
