
Microsoft Visual Studio Solution File, Format Version 12.00
# Visual Studio Version 17
VisualStudioVersion = 17.3.32825.248
MinimumVisualStudioVersion = 10.0.40219.1
Project("{FAE04EC0-301F-11D3-BF4B-00C04F79EFBC}") = "CShw6-Task2", "CShw6-Task2\CShw6-Task2.csproj", "{1A828D49-63DD-4E13-8ECB-3A9DA1263EE6}"
EndProject
Global
	GlobalSection(SolutionConfigurationPlatforms) = preSolution
		Debug|Any CPU = Debug|Any CPU
		Release|Any CPU = Release|Any CPU
	EndGlobalSection
	GlobalSection(ProjectConfigurationPlatforms) = postSolution
		{1A828D49-63DD-4E13-8ECB-3A9DA1263EE6}.Debug|Any CPU.ActiveCfg = Debug|Any CPU
		{1A828D49-63DD-4E13-8ECB-3A9DA1263EE6}.Debug|Any CPU.Build.0 = Debug|Any CPU
		{1A828D49-63DD-4E13-8ECB-3A9DA1263EE6}.Release|Any CPU.ActiveCfg = Release|Any CPU
		{1A828D49-63DD-4E13-8ECB-3A9DA1263EE6}.Release|Any CPU.Build.0 = Release|Any CPU
	EndGlobalSection
	GlobalSection(SolutionProperties) = preSolution
		HideSolutionNode = FALSE
	EndGlobalSection
	GlobalSection(ExtensibilityGlobals) = postSolution
		SolutionGuid = {CAB677D6-0EF3-417E-A758-7304353DDC60}
	EndGlobalSection
EndGlobal
